
Microsoft Visual Studio Solution File, Format Version 12.00
# Visual Studio Version 16
VisualStudioVersion = 16.0.30320.27
MinimumVisualStudioVersion = 10.0.40219.1
Project("{8BC9CEB8-8B4A-11D0-8D11-00A0C91BC942}") = "Project2", "Project2.vcxproj", "{DE732264-597E-4A73-BF78-DDB6F54664D7}"
EndProject
Project("{8BC9CEB8-8B4A-11D0-8D11-00A0C91BC942}") = "Linked_list", "..\Linked_list\Linked_list.vcxproj", "{FE3D522E-D297-4197-93C6-28F572D72F3F}"
EndProject
Project("{8BC9CEB8-8B4A-11D0-8D11-00A0C91BC942}") = "Recursion", "..\Recursion\Recursion.vcxproj", "{F2F239EB-85C8-4AA8-ABEC-6B6716B913EB}"
EndProject
Global
	GlobalSection(SolutionConfigurationPlatforms) = preSolution
		Debug|x64 = Debug|x64
		Debug|x86 = Debug|x86
		Release|x64 = Release|x64
		Release|x86 = Release|x86
	EndGlobalSection
	GlobalSection(ProjectConfigurationPlatforms) = postSolution
		{DE732264-597E-4A73-BF78-DDB6F54664D7}.Debug|x64.ActiveCfg = Debug|x64
		{DE732264-597E-4A73-BF78-DDB6F54664D7}.Debug|x64.Build.0 = Debug|x64
		{DE732264-597E-4A73-BF78-DDB6F54664D7}.Debug|x86.ActiveCfg = Debug|Win32
		{DE732264-597E-4A73-BF78-DDB6F54664D7}.Debug|x86.Build.0 = Debug|Win32
		{DE732264-597E-4A73-BF78-DDB6F54664D7}.Release|x64.ActiveCfg = Release|x64
		{DE732264-597E-4A73-BF78-DDB6F54664D7}.Release|x64.Build.0 = Release|x64
		{DE732264-597E-4A73-BF78-DDB6F54664D7}.Release|x86.ActiveCfg = Release|Win32
		{DE732264-597E-4A73-BF78-DDB6F54664D7}.Release|x86.Build.0 = Release|Win32
		{FE3D522E-D297-4197-93C6-28F572D72F3F}.Debug|x64.ActiveCfg = Debug|x64
		{FE3D522E-D297-4197-93C6-28F572D72F3F}.Debug|x64.Build.0 = Debug|x64
		{FE3D522E-D297-4197-93C6-28F572D72F3F}.Debug|x86.ActiveCfg = Debug|Win32
		{FE3D522E-D297-4197-93C6-28F572D72F3F}.Debug|x86.Build.0 = Debug|Win32
		{FE3D522E-D297-4197-93C6-28F572D72F3F}.Release|x64.ActiveCfg = Release|x64
		{FE3D522E-D297-4197-93C6-28F572D72F3F}.Release|x64.Build.0 = Release|x64
		{FE3D522E-D297-4197-93C6-28F572D72F3F}.Release|x86.ActiveCfg = Release|Win32
		{FE3D522E-D297-4197-93C6-28F572D72F3F}.Release|x86.Build.0 = Release|Win32
		{F2F239EB-85C8-4AA8-ABEC-6B6716B913EB}.Debug|x64.ActiveCfg = Debug|x64
		{F2F239EB-85C8-4AA8-ABEC-6B6716B913EB}.Debug|x64.Build.0 = Debug|x64
		{F2F239EB-85C8-4AA8-ABEC-6B6716B913EB}.Debug|x86.ActiveCfg = Debug|Win32
		{F2F239EB-85C8-4AA8-ABEC-6B6716B913EB}.Debug|x86.Build.0 = Debug|Win32
		{F2F239EB-85C8-4AA8-ABEC-6B6716B913EB}.Release|x64.ActiveCfg = Release|x64
		{F2F239EB-85C8-4AA8-ABEC-6B6716B913EB}.Release|x64.Build.0 = Release|x64
		{F2F239EB-85C8-4AA8-ABEC-6B6716B913EB}.Release|x86.ActiveCfg = Release|Win32
		{F2F239EB-85C8-4AA8-ABEC-6B6716B913EB}.Release|x86.Build.0 = Release|Win32
	EndGlobalSection
	GlobalSection(SolutionProperties) = preSolution
		HideSolutionNode = FALSE
	EndGlobalSection
	GlobalSection(ExtensibilityGlobals) = postSolution
		SolutionGuid = {A94EB98E-97B3-4D61-95CB-7584B1A13936}
	EndGlobalSection
EndGlobal
